// !$*UTF8*$!
{
	archiveVersion = 1;
	classes = {
	};
	objectVersion = 48;
	objects = {

/* Begin PBXBuildFile section */
		2605E2FF204284810099E9DC /* Message.swift in Sources */ = {isa = PBXBuildFile; fileRef = 2605E2FE204284810099E9DC /* Message.swift */; };
		4A7A38E42040E19D008FBB42 /* AppDelegate.swift in Sources */ = {isa = PBXBuildFile; fileRef = 4A7A38E32040E19D008FBB42 /* AppDelegate.swift */; };
		4A7A38E62040E19D008FBB42 /* LoginViewController.swift in Sources */ = {isa = PBXBuildFile; fileRef = 4A7A38E52040E19D008FBB42 /* LoginViewController.swift */; };
		4A7A38E92040E19D008FBB42 /* Main.storyboard in Resources */ = {isa = PBXBuildFile; fileRef = 4A7A38E72040E19D008FBB42 /* Main.storyboard */; };
		4A7A38EB2040E19D008FBB42 /* Assets.xcassets in Resources */ = {isa = PBXBuildFile; fileRef = 4A7A38EA2040E19D008FBB42 /* Assets.xcassets */; };
		4A7A38EE2040E19D008FBB42 /* LaunchScreen.storyboard in Resources */ = {isa = PBXBuildFile; fileRef = 4A7A38EC2040E19D008FBB42 /* LaunchScreen.storyboard */; };
		4A7A38F92040E19E008FBB42 /* AngelicChatTests.swift in Sources */ = {isa = PBXBuildFile; fileRef = 4A7A38F82040E19E008FBB42 /* AngelicChatTests.swift */; };
		4A7A39042040E19E008FBB42 /* AngelicChatUITests.swift in Sources */ = {isa = PBXBuildFile; fileRef = 4A7A39032040E19E008FBB42 /* AngelicChatUITests.swift */; };
		4AAB1141204116E70014373B /* ChatViewController.swift in Sources */ = {isa = PBXBuildFile; fileRef = 4AAB1140204116E70014373B /* ChatViewController.swift */; };
		4AAB114320413BEB0014373B /* ChatCell.swift in Sources */ = {isa = PBXBuildFile; fileRef = 4AAB114220413BEB0014373B /* ChatCell.swift */; };
		8C3DDD16DABFA5A6F483202C /* Pods_AngelicChatUITests.framework in Frameworks */ = {isa = PBXBuildFile; fileRef = BBA1348A9FC8FA03BBAC5422 /* Pods_AngelicChatUITests.framework */; };
		CBCBF8BE283A41A7D704A60E /* Pods_AngelicChatTests.framework in Frameworks */ = {isa = PBXBuildFile; fileRef = C4682402289CD9FEFEC06C09 /* Pods_AngelicChatTests.framework */; };
		E13C599836909AE0EBEF02F1 /* Pods_AngelicChat.framework in Frameworks */ = {isa = PBXBuildFile; fileRef = 1230305F11A1BD1B2886B07E /* Pods_AngelicChat.framework */; };
/* End PBXBuildFile section */

/* Begin PBXContainerItemProxy section */
		4A7A38F52040E19E008FBB42 /* PBXContainerItemProxy */ = {
			isa = PBXContainerItemProxy;
			containerPortal = 4A7A38D82040E19D008FBB42 /* Project object */;
			proxyType = 1;
			remoteGlobalIDString = 4A7A38DF2040E19D008FBB42;
			remoteInfo = AngelicChat;
		};
		4A7A39002040E19E008FBB42 /* PBXContainerItemProxy */ = {
			isa = PBXContainerItemProxy;
			containerPortal = 4A7A38D82040E19D008FBB42 /* Project object */;
			proxyType = 1;
			remoteGlobalIDString = 4A7A38DF2040E19D008FBB42;
			remoteInfo = AngelicChat;
		};
/* End PBXContainerItemProxy section */

/* Begin PBXFileReference section */
		1230305F11A1BD1B2886B07E /* Pods_AngelicChat.framework */ = {isa = PBXFileReference; explicitFileType = wrapper.framework; includeInIndex = 0; path = Pods_AngelicChat.framework; sourceTree = BUILT_PRODUCTS_DIR; };
		172C23CB963059C7C6C94614 /* Pods-AngelicChatTests.release.xcconfig */ = {isa = PBXFileReference; includeInIndex = 1; lastKnownFileType = text.xcconfig; name = "Pods-AngelicChatTests.release.xcconfig"; path = "Pods/Target Support Files/Pods-AngelicChatTests/Pods-AngelicChatTests.release.xcconfig"; sourceTree = "<group>"; };
		2605E2FE204284810099E9DC /* Message.swift */ = {isa = PBXFileReference; lastKnownFileType = sourcecode.swift; path = Message.swift; sourceTree = "<group>"; };
		2FFAA46DC9BE60AD250F27DA /* Pods-AngelicChatUITests.release.xcconfig */ = {isa = PBXFileReference; includeInIndex = 1; lastKnownFileType = text.xcconfig; name = "Pods-AngelicChatUITests.release.xcconfig"; path = "Pods/Target Support Files/Pods-AngelicChatUITests/Pods-AngelicChatUITests.release.xcconfig"; sourceTree = "<group>"; };
		4A7A38E02040E19D008FBB42 /* AngelicChat.app */ = {isa = PBXFileReference; explicitFileType = wrapper.application; includeInIndex = 0; path = AngelicChat.app; sourceTree = BUILT_PRODUCTS_DIR; };
		4A7A38E32040E19D008FBB42 /* AppDelegate.swift */ = {isa = PBXFileReference; lastKnownFileType = sourcecode.swift; path = AppDelegate.swift; sourceTree = "<group>"; };
		4A7A38E52040E19D008FBB42 /* LoginViewController.swift */ = {isa = PBXFileReference; lastKnownFileType = sourcecode.swift; path = LoginViewController.swift; sourceTree = "<group>"; };
		4A7A38E82040E19D008FBB42 /* Base */ = {isa = PBXFileReference; lastKnownFileType = file.storyboard; name = Base; path = Base.lproj/Main.storyboard; sourceTree = "<group>"; };
		4A7A38EA2040E19D008FBB42 /* Assets.xcassets */ = {isa = PBXFileReference; lastKnownFileType = folder.assetcatalog; path = Assets.xcassets; sourceTree = "<group>"; };
		4A7A38ED2040E19D008FBB42 /* Base */ = {isa = PBXFileReference; lastKnownFileType = file.storyboard; name = Base; path = Base.lproj/LaunchScreen.storyboard; sourceTree = "<group>"; };
		4A7A38EF2040E19D008FBB42 /* Info.plist */ = {isa = PBXFileReference; lastKnownFileType = text.plist.xml; path = Info.plist; sourceTree = "<group>"; };
		4A7A38F42040E19E008FBB42 /* AngelicChatTests.xctest */ = {isa = PBXFileReference; explicitFileType = wrapper.cfbundle; includeInIndex = 0; path = AngelicChatTests.xctest; sourceTree = BUILT_PRODUCTS_DIR; };
		4A7A38F82040E19E008FBB42 /* AngelicChatTests.swift */ = {isa = PBXFileReference; lastKnownFileType = sourcecode.swift; path = AngelicChatTests.swift; sourceTree = "<group>"; };
		4A7A38FA2040E19E008FBB42 /* Info.plist */ = {isa = PBXFileReference; lastKnownFileType = text.plist.xml; path = Info.plist; sourceTree = "<group>"; };
		4A7A38FF2040E19E008FBB42 /* AngelicChatUITests.xctest */ = {isa = PBXFileReference; explicitFileType = wrapper.cfbundle; includeInIndex = 0; path = AngelicChatUITests.xctest; sourceTree = BUILT_PRODUCTS_DIR; };
		4A7A39032040E19E008FBB42 /* AngelicChatUITests.swift */ = {isa = PBXFileReference; lastKnownFileType = sourcecode.swift; path = AngelicChatUITests.swift; sourceTree = "<group>"; };
		4A7A39052040E19E008FBB42 /* Info.plist */ = {isa = PBXFileReference; lastKnownFileType = text.plist.xml; path = Info.plist; sourceTree = "<group>"; };
		4AAB1140204116E70014373B /* ChatViewController.swift */ = {isa = PBXFileReference; lastKnownFileType = sourcecode.swift; path = ChatViewController.swift; sourceTree = "<group>"; };
		4AAB114220413BEB0014373B /* ChatCell.swift */ = {isa = PBXFileReference; lastKnownFileType = sourcecode.swift; path = ChatCell.swift; sourceTree = "<group>"; };
		5C9869178694E1ADCEF669E1 /* Pods-AngelicChat.debug.xcconfig */ = {isa = PBXFileReference; includeInIndex = 1; lastKnownFileType = text.xcconfig; name = "Pods-AngelicChat.debug.xcconfig"; path = "Pods/Target Support Files/Pods-AngelicChat/Pods-AngelicChat.debug.xcconfig"; sourceTree = "<group>"; };
		965195AF3FCBADFB2CD3298B /* Pods-AngelicChat.release.xcconfig */ = {isa = PBXFileReference; includeInIndex = 1; lastKnownFileType = text.xcconfig; name = "Pods-AngelicChat.release.xcconfig"; path = "Pods/Target Support Files/Pods-AngelicChat/Pods-AngelicChat.release.xcconfig"; sourceTree = "<group>"; };
		B1A0B7B3A7AA94C6FF2124B6 /* Pods-AngelicChatTests.debug.xcconfig */ = {isa = PBXFileReference; includeInIndex = 1; lastKnownFileType = text.xcconfig; name = "Pods-AngelicChatTests.debug.xcconfig"; path = "Pods/Target Support Files/Pods-AngelicChatTests/Pods-AngelicChatTests.debug.xcconfig"; sourceTree = "<group>"; };
		BBA1348A9FC8FA03BBAC5422 /* Pods_AngelicChatUITests.framework */ = {isa = PBXFileReference; explicitFileType = wrapper.framework; includeInIndex = 0; path = Pods_AngelicChatUITests.framework; sourceTree = BUILT_PRODUCTS_DIR; };
		C4682402289CD9FEFEC06C09 /* Pods_AngelicChatTests.framework */ = {isa = PBXFileReference; explicitFileType = wrapper.framework; includeInIndex = 0; path = Pods_AngelicChatTests.framework; sourceTree = BUILT_PRODUCTS_DIR; };
		ED48953C2705F4402DB90AD6 /* Pods-AngelicChatUITests.debug.xcconfig */ = {isa = PBXFileReference; includeInIndex = 1; lastKnownFileType = text.xcconfig; name = "Pods-AngelicChatUITests.debug.xcconfig"; path = "Pods/Target Support Files/Pods-AngelicChatUITests/Pods-AngelicChatUITests.debug.xcconfig"; sourceTree = "<group>"; };
/* End PBXFileReference section */

/* Begin PBXFrameworksBuildPhase section */
		4A7A38DD2040E19D008FBB42 /* Frameworks */ = {
			isa = PBXFrameworksBuildPhase;
			buildActionMask = 2147483647;
			files = (
				E13C599836909AE0EBEF02F1 /* Pods_AngelicChat.framework in Frameworks */,
			);
			runOnlyForDeploymentPostprocessing = 0;
		};
		4A7A38F12040E19D008FBB42 /* Frameworks */ = {
			isa = PBXFrameworksBuildPhase;
			buildActionMask = 2147483647;
			files = (
				CBCBF8BE283A41A7D704A60E /* Pods_AngelicChatTests.framework in Frameworks */,
			);
			runOnlyForDeploymentPostprocessing = 0;
		};
		4A7A38FC2040E19E008FBB42 /* Frameworks */ = {
			isa = PBXFrameworksBuildPhase;
			buildActionMask = 2147483647;
			files = (
				8C3DDD16DABFA5A6F483202C /* Pods_AngelicChatUITests.framework in Frameworks */,
			);
			runOnlyForDeploymentPostprocessing = 0;
		};
/* End PBXFrameworksBuildPhase section */

/* Begin PBXGroup section */
		2605E2FC204275040099E9DC /* ViewControllers */ = {
			isa = PBXGroup;
			children = (
				4AAB1140204116E70014373B /* ChatViewController.swift */,
				4A7A38E52040E19D008FBB42 /* LoginViewController.swift */,
			);
			path = ViewControllers;
			sourceTree = "<group>";
		};
		2605E2FD204275D10099E9DC /* Views */ = {
			isa = PBXGroup;
			children = (
				4AAB114220413BEB0014373B /* ChatCell.swift */,
			);
			path = Views;
			sourceTree = "<group>";
		};
		268E986E20434F040072138B /* Models */ = {
			isa = PBXGroup;
			children = (
				2605E2FE204284810099E9DC /* Message.swift */,
			);
			path = Models;
			sourceTree = "<group>";
		};
		3DF3BBF35C12FA38A99FEBE5 /* Pods */ = {
			isa = PBXGroup;
			children = (
				5C9869178694E1ADCEF669E1 /* Pods-AngelicChat.debug.xcconfig */,
				965195AF3FCBADFB2CD3298B /* Pods-AngelicChat.release.xcconfig */,
				B1A0B7B3A7AA94C6FF2124B6 /* Pods-AngelicChatTests.debug.xcconfig */,
				172C23CB963059C7C6C94614 /* Pods-AngelicChatTests.release.xcconfig */,
				ED48953C2705F4402DB90AD6 /* Pods-AngelicChatUITests.debug.xcconfig */,
				2FFAA46DC9BE60AD250F27DA /* Pods-AngelicChatUITests.release.xcconfig */,
			);
			name = Pods;
			sourceTree = "<group>";
		};
		4A7A38D72040E19D008FBB42 = {
			isa = PBXGroup;
			children = (
				4A7A38E22040E19D008FBB42 /* AngelicChat */,
				4A7A38F72040E19E008FBB42 /* AngelicChatTests */,
				4A7A39022040E19E008FBB42 /* AngelicChatUITests */,
				4A7A38E12040E19D008FBB42 /* Products */,
				3DF3BBF35C12FA38A99FEBE5 /* Pods */,
				E111EB17107030307ACE517D /* Frameworks */,
			);
			sourceTree = "<group>";
		};
		4A7A38E12040E19D008FBB42 /* Products */ = {
			isa = PBXGroup;
			children = (
				4A7A38E02040E19D008FBB42 /* AngelicChat.app */,
				4A7A38F42040E19E008FBB42 /* AngelicChatTests.xctest */,
				4A7A38FF2040E19E008FBB42 /* AngelicChatUITests.xctest */,
			);
			name = Products;
			sourceTree = "<group>";
		};
		4A7A38E22040E19D008FBB42 /* AngelicChat */ = {
			isa = PBXGroup;
			children = (
				4A7A38E32040E19D008FBB42 /* AppDelegate.swift */,
				268E986E20434F040072138B /* Models */,
				2605E2FC204275040099E9DC /* ViewControllers */,
				2605E2FD204275D10099E9DC /* Views */,
				4A7A38E72040E19D008FBB42 /* Main.storyboard */,
				4A7A38EA2040E19D008FBB42 /* Assets.xcassets */,
				4A7A38EC2040E19D008FBB42 /* LaunchScreen.storyboard */,
				4A7A38EF2040E19D008FBB42 /* Info.plist */,
			);
			path = AngelicChat;
			sourceTree = "<group>";
		};
		4A7A38F72040E19E008FBB42 /* AngelicChatTests */ = {
			isa = PBXGroup;
			children = (
				4A7A38F82040E19E008FBB42 /* AngelicChatTests.swift */,
				4A7A38FA2040E19E008FBB42 /* Info.plist */,
			);
			path = AngelicChatTests;
			sourceTree = "<group>";
		};
		4A7A39022040E19E008FBB42 /* AngelicChatUITests */ = {
			isa = PBXGroup;
			children = (
				4A7A39032040E19E008FBB42 /* AngelicChatUITests.swift */,
				4A7A39052040E19E008FBB42 /* Info.plist */,
			);
			path = AngelicChatUITests;
			sourceTree = "<group>";
		};
		E111EB17107030307ACE517D /* Frameworks */ = {
			isa = PBXGroup;
			children = (
				1230305F11A1BD1B2886B07E /* Pods_AngelicChat.framework */,
				C4682402289CD9FEFEC06C09 /* Pods_AngelicChatTests.framework */,
				BBA1348A9FC8FA03BBAC5422 /* Pods_AngelicChatUITests.framework */,
			);
			name = Frameworks;
			sourceTree = "<group>";
		};
/* End PBXGroup section */

/* Begin PBXNativeTarget section */
		4A7A38DF2040E19D008FBB42 /* AngelicChat */ = {
			isa = PBXNativeTarget;
			buildConfigurationList = 4A7A39082040E19E008FBB42 /* Build configuration list for PBXNativeTarget "AngelicChat" */;
			buildPhases = (
				B2959F3B683818E183970A8E /* [CP] Check Pods Manifest.lock */,
				4A7A38DC2040E19D008FBB42 /* Sources */,
				4A7A38DD2040E19D008FBB42 /* Frameworks */,
				4A7A38DE2040E19D008FBB42 /* Resources */,
				D52910B76C958C732CC8BBAC /* [CP] Embed Pods Frameworks */,
				06E2E28FFAECD91962CEE87E /* [CP] Copy Pods Resources */,
			);
			buildRules = (
			);
			dependencies = (
			);
			name = AngelicChat;
			productName = AngelicChat;
			productReference = 4A7A38E02040E19D008FBB42 /* AngelicChat.app */;
			productType = "com.apple.product-type.application";
		};
		4A7A38F32040E19D008FBB42 /* AngelicChatTests */ = {
			isa = PBXNativeTarget;
			buildConfigurationList = 4A7A390B2040E19E008FBB42 /* Build configuration list for PBXNativeTarget "AngelicChatTests" */;
			buildPhases = (
				2E2D9F48E52BE5F7D1D29D84 /* [CP] Check Pods Manifest.lock */,
				4A7A38F02040E19D008FBB42 /* Sources */,
				4A7A38F12040E19D008FBB42 /* Frameworks */,
				4A7A38F22040E19D008FBB42 /* Resources */,
				E478AAD643E61091DEA95B64 /* [CP] Embed Pods Frameworks */,
				F1E6A5A597BFFBBFAA371E8A /* [CP] Copy Pods Resources */,
			);
			buildRules = (
			);
			dependencies = (
				4A7A38F62040E19E008FBB42 /* PBXTargetDependency */,
			);
			name = AngelicChatTests;
			productName = AngelicChatTests;
			productReference = 4A7A38F42040E19E008FBB42 /* AngelicChatTests.xctest */;
			productType = "com.apple.product-type.bundle.unit-test";
		};
		4A7A38FE2040E19E008FBB42 /* AngelicChatUITests */ = {
			isa = PBXNativeTarget;
			buildConfigurationList = 4A7A390E2040E19E008FBB42 /* Build configuration list for PBXNativeTarget "AngelicChatUITests" */;
			buildPhases = (
				9E8BA4E572E26F3F2EDABB78 /* [CP] Check Pods Manifest.lock */,
				4A7A38FB2040E19E008FBB42 /* Sources */,
				4A7A38FC2040E19E008FBB42 /* Frameworks */,
				4A7A38FD2040E19E008FBB42 /* Resources */,
				FEFBB03D482D5F9B1B719E69 /* [CP] Embed Pods Frameworks */,
				91E6CF0029E06CFE08680AD5 /* [CP] Copy Pods Resources */,
			);
			buildRules = (
			);
			dependencies = (
				4A7A39012040E19E008FBB42 /* PBXTargetDependency */,
			);
			name = AngelicChatUITests;
			productName = AngelicChatUITests;
			productReference = 4A7A38FF2040E19E008FBB42 /* AngelicChatUITests.xctest */;
			productType = "com.apple.product-type.bundle.ui-testing";
		};
/* End PBXNativeTarget section */

/* Begin PBXProject section */
		4A7A38D82040E19D008FBB42 /* Project object */ = {
			isa = PBXProject;
			attributes = {
				LastSwiftUpdateCheck = 0920;
				LastUpgradeCheck = 0920;
				ORGANIZATIONNAME = "angel gonzalez";
				TargetAttributes = {
					4A7A38DF2040E19D008FBB42 = {
						CreatedOnToolsVersion = 9.2;
						ProvisioningStyle = Automatic;
					};
					4A7A38F32040E19D008FBB42 = {
						CreatedOnToolsVersion = 9.2;
						ProvisioningStyle = Automatic;
						TestTargetID = 4A7A38DF2040E19D008FBB42;
					};
					4A7A38FE2040E19E008FBB42 = {
						CreatedOnToolsVersion = 9.2;
						ProvisioningStyle = Automatic;
						TestTargetID = 4A7A38DF2040E19D008FBB42;
					};
				};
			};
			buildConfigurationList = 4A7A38DB2040E19D008FBB42 /* Build configuration list for PBXProject "AngelicChat" */;
			compatibilityVersion = "Xcode 8.0";
			developmentRegion = en;
			hasScannedForEncodings = 0;
			knownRegions = (
				en,
				Base,
			);
			mainGroup = 4A7A38D72040E19D008FBB42;
			productRefGroup = 4A7A38E12040E19D008FBB42 /* Products */;
			projectDirPath = "";
			projectRoot = "";
			targets = (
				4A7A38DF2040E19D008FBB42 /* AngelicChat */,
				4A7A38F32040E19D008FBB42 /* AngelicChatTests */,
				4A7A38FE2040E19E008FBB42 /* AngelicChatUITests */,
			);
		};
/* End PBXProject section */

/* Begin PBXResourcesBuildPhase section */
		4A7A38DE2040E19D008FBB42 /* Resources */ = {
			isa = PBXResourcesBuildPhase;
			buildActionMask = 2147483647;
			files = (
				4A7A38EE2040E19D008FBB42 /* LaunchScreen.storyboard in Resources */,
				4A7A38EB2040E19D008FBB42 /* Assets.xcassets in Resources */,
				4A7A38E92040E19D008FBB42 /* Main.storyboard in Resources */,
			);
			runOnlyForDeploymentPostprocessing = 0;
		};
		4A7A38F22040E19D008FBB42 /* Resources */ = {
			isa = PBXResourcesBuildPhase;
			buildActionMask = 2147483647;
			files = (
			);
			runOnlyForDeploymentPostprocessing = 0;
		};
		4A7A38FD2040E19E008FBB42 /* Resources */ = {
			isa = PBXResourcesBuildPhase;
			buildActionMask = 2147483647;
			files = (
			);
			runOnlyForDeploymentPostprocessing = 0;
		};
/* End PBXResourcesBuildPhase section */

/* Begin PBXShellScriptBuildPhase section */
		06E2E28FFAECD91962CEE87E /* [CP] Copy Pods Resources */ = {
			isa = PBXShellScriptBuildPhase;
			buildActionMask = 2147483647;
			files = (
			);
			inputPaths = (
			);
			name = "[CP] Copy Pods Resources";
			outputPaths = (
			);
			runOnlyForDeploymentPostprocessing = 0;
			shellPath = /bin/sh;
			shellScript = "\"${SRCROOT}/Pods/Target Support Files/Pods-AngelicChat/Pods-AngelicChat-resources.sh\"\n";
			showEnvVarsInLog = 0;
		};
		2E2D9F48E52BE5F7D1D29D84 /* [CP] Check Pods Manifest.lock */ = {
			isa = PBXShellScriptBuildPhase;
			buildActionMask = 2147483647;
			files = (
			);
			inputPaths = (
				"${PODS_PODFILE_DIR_PATH}/Podfile.lock",
				"${PODS_ROOT}/Manifest.lock",
			);
			name = "[CP] Check Pods Manifest.lock";
			outputPaths = (
				"$(DERIVED_FILE_DIR)/Pods-AngelicChatTests-checkManifestLockResult.txt",
			);
			runOnlyForDeploymentPostprocessing = 0;
			shellPath = /bin/sh;
			shellScript = "diff \"${PODS_PODFILE_DIR_PATH}/Podfile.lock\" \"${PODS_ROOT}/Manifest.lock\" > /dev/null\nif [ $? != 0 ] ; then\n    # print error to STDERR\n    echo \"error: The sandbox is not in sync with the Podfile.lock. Run 'pod install' or update your CocoaPods installation.\" >&2\n    exit 1\nfi\n# This output is used by Xcode 'outputs' to avoid re-running this script phase.\necho \"SUCCESS\" > \"${SCRIPT_OUTPUT_FILE_0}\"\n";
			showEnvVarsInLog = 0;
		};
		91E6CF0029E06CFE08680AD5 /* [CP] Copy Pods Resources */ = {
			isa = PBXShellScriptBuildPhase;
			buildActionMask = 2147483647;
			files = (
			);
			inputPaths = (
			);
			name = "[CP] Copy Pods Resources";
			outputPaths = (
			);
			runOnlyForDeploymentPostprocessing = 0;
			shellPath = /bin/sh;
			shellScript = "\"${SRCROOT}/Pods/Target Support Files/Pods-AngelicChatUITests/Pods-AngelicChatUITests-resources.sh\"\n";
			showEnvVarsInLog = 0;
		};
		9E8BA4E572E26F3F2EDABB78 /* [CP] Check Pods Manifest.lock */ = {
			isa = PBXShellScriptBuildPhase;
			buildActionMask = 2147483647;
			files = (
			);
			inputPaths = (
				"${PODS_PODFILE_DIR_PATH}/Podfile.lock",
				"${PODS_ROOT}/Manifest.lock",
			);
			name = "[CP] Check Pods Manifest.lock";
			outputPaths = (
				"$(DERIVED_FILE_DIR)/Pods-AngelicChatUITests-checkManifestLockResult.txt",
			);
			runOnlyForDeploymentPostprocessing = 0;
			shellPath = /bin/sh;
			shellScript = "diff \"${PODS_PODFILE_DIR_PATH}/Podfile.lock\" \"${PODS_ROOT}/Manifest.lock\" > /dev/null\nif [ $? != 0 ] ; then\n    # print error to STDERR\n    echo \"error: The sandbox is not in sync with the Podfile.lock. Run 'pod install' or update your CocoaPods installation.\" >&2\n    exit 1\nfi\n# This output is used by Xcode 'outputs' to avoid re-running this script phase.\necho \"SUCCESS\" > \"${SCRIPT_OUTPUT_FILE_0}\"\n";
			showEnvVarsInLog = 0;
		};
		B2959F3B683818E183970A8E /* [CP] Check Pods Manifest.lock */ = {
			isa = PBXShellScriptBuildPhase;
			buildActionMask = 2147483647;
			files = (
			);
			inputPaths = (
				"${PODS_PODFILE_DIR_PATH}/Podfile.lock",
				"${PODS_ROOT}/Manifest.lock",
			);
			name = "[CP] Check Pods Manifest.lock";
			outputPaths = (
				"$(DERIVED_FILE_DIR)/Pods-AngelicChat-checkManifestLockResult.txt",
			);
			runOnlyForDeploymentPostprocessing = 0;
			shellPath = /bin/sh;
			shellScript = "diff \"${PODS_PODFILE_DIR_PATH}/Podfile.lock\" \"${PODS_ROOT}/Manifest.lock\" > /dev/null\nif [ $? != 0 ] ; then\n    # print error to STDERR\n    echo \"error: The sandbox is not in sync with the Podfile.lock. Run 'pod install' or update your CocoaPods installation.\" >&2\n    exit 1\nfi\n# This output is used by Xcode 'outputs' to avoid re-running this script phase.\necho \"SUCCESS\" > \"${SCRIPT_OUTPUT_FILE_0}\"\n";
			showEnvVarsInLog = 0;
		};
		D52910B76C958C732CC8BBAC /* [CP] Embed Pods Frameworks */ = {
			isa = PBXShellScriptBuildPhase;
			buildActionMask = 2147483647;
			files = (
			);
			inputPaths = (
				"${SRCROOT}/Pods/Target Support Files/Pods-AngelicChat/Pods-AngelicChat-frameworks.sh",
				"${BUILT_PRODUCTS_DIR}/Alamofire/Alamofire.framework",
				"${BUILT_PRODUCTS_DIR}/AlamofireImage/AlamofireImage.framework",
				"${BUILT_PRODUCTS_DIR}/Bolts/Bolts.framework",
				"${BUILT_PRODUCTS_DIR}/Parse/Parse.framework",
			);
			name = "[CP] Embed Pods Frameworks";
			outputPaths = (
				"${TARGET_BUILD_DIR}/${FRAMEWORKS_FOLDER_PATH}/Alamofire.framework",
				"${TARGET_BUILD_DIR}/${FRAMEWORKS_FOLDER_PATH}/AlamofireImage.framework",
				"${TARGET_BUILD_DIR}/${FRAMEWORKS_FOLDER_PATH}/Bolts.framework",
				"${TARGET_BUILD_DIR}/${FRAMEWORKS_FOLDER_PATH}/Parse.framework",
			);
			runOnlyForDeploymentPostprocessing = 0;
			shellPath = /bin/sh;
			shellScript = "\"${SRCROOT}/Pods/Target Support Files/Pods-AngelicChat/Pods-AngelicChat-frameworks.sh\"\n";
			showEnvVarsInLog = 0;
		};
		E478AAD643E61091DEA95B64 /* [CP] Embed Pods Frameworks */ = {
			isa = PBXShellScriptBuildPhase;
			buildActionMask = 2147483647;
			files = (
			);
			inputPaths = (
			);
			name = "[CP] Embed Pods Frameworks";
			outputPaths = (
			);
			runOnlyForDeploymentPostprocessing = 0;
			shellPath = /bin/sh;
			shellScript = "\"${SRCROOT}/Pods/Target Support Files/Pods-AngelicChatTests/Pods-AngelicChatTests-frameworks.sh\"\n";
			showEnvVarsInLog = 0;
		};
		F1E6A5A597BFFBBFAA371E8A /* [CP] Copy Pods Resources */ = {
			isa = PBXShellScriptBuildPhase;
			buildActionMask = 2147483647;
			files = (
			);
			inputPaths = (
			);
			name = "[CP] Copy Pods Resources";
			outputPaths = (
			);
			runOnlyForDeploymentPostprocessing = 0;
			shellPath = /bin/sh;
			shellScript = "\"${SRCROOT}/Pods/Target Support Files/Pods-AngelicChatTests/Pods-AngelicChatTests-resources.sh\"\n";
			showEnvVarsInLog = 0;
		};
		FEFBB03D482D5F9B1B719E69 /* [CP] Embed Pods Frameworks */ = {
			isa = PBXShellScriptBuildPhase;
			buildActionMask = 2147483647;
			files = (
			);
			inputPaths = (
			);
			name = "[CP] Embed Pods Frameworks";
			outputPaths = (
			);
			runOnlyForDeploymentPostprocessing = 0;
			shellPath = /bin/sh;
			shellScript = "\"${SRCROOT}/Pods/Target Support Files/Pods-AngelicChatUITests/Pods-AngelicChatUITests-frameworks.sh\"\n";
			showEnvVarsInLog = 0;
		};
/* End PBXShellScriptBuildPhase section */

/* Begin PBXSourcesBuildPhase section */
		4A7A38DC2040E19D008FBB42 /* Sources */ = {
			isa = PBXSourcesBuildPhase;
			buildActionMask = 2147483647;
			files = (
				4A7A38E62040E19D008FBB42 /* LoginViewController.swift in Sources */,
				4AAB114320413BEB0014373B /* ChatCell.swift in Sources */,
				4AAB1141204116E70014373B /* ChatViewController.swift in Sources */,
				4A7A38E42040E19D008FBB42 /* AppDelegate.swift in Sources */,
				2605E2FF204284810099E9DC /* Message.swift in Sources */,
			);
			runOnlyForDeploymentPostprocessing = 0;
		};
		4A7A38F02040E19D008FBB42 /* Sources */ = {
			isa = PBXSourcesBuildPhase;
			buildActionMask = 2147483647;
			files = (
				4A7A38F92040E19E008FBB42 /* AngelicChatTests.swift in Sources */,
			);
			runOnlyForDeploymentPostprocessing = 0;
		};
		4A7A38FB2040E19E008FBB42 /* Sources */ = {
			isa = PBXSourcesBuildPhase;
			buildActionMask = 2147483647;
			files = (
				4A7A39042040E19E008FBB42 /* AngelicChatUITests.swift in Sources */,
			);
			runOnlyForDeploymentPostprocessing = 0;
		};
/* End PBXSourcesBuildPhase section */

/* Begin PBXTargetDependency section */
		4A7A38F62040E19E008FBB42 /* PBXTargetDependency */ = {
			isa = PBXTargetDependency;
			target = 4A7A38DF2040E19D008FBB42 /* AngelicChat */;
			targetProxy = 4A7A38F52040E19E008FBB42 /* PBXContainerItemProxy */;
		};
		4A7A39012040E19E008FBB42 /* PBXTargetDependency */ = {
			isa = PBXTargetDependency;
			target = 4A7A38DF2040E19D008FBB42 /* AngelicChat */;
			targetProxy = 4A7A39002040E19E008FBB42 /* PBXContainerItemProxy */;
		};
/* End PBXTargetDependency section */

/* Begin PBXVariantGroup section */
		4A7A38E72040E19D008FBB42 /* Main.storyboard */ = {
			isa = PBXVariantGroup;
			children = (
				4A7A38E82040E19D008FBB42 /* Base */,
			);
			name = Main.storyboard;
			sourceTree = "<group>";
		};
		4A7A38EC2040E19D008FBB42 /* LaunchScreen.storyboard */ = {
			isa = PBXVariantGroup;
			children = (
				4A7A38ED2040E19D008FBB42 /* Base */,
			);
			name = LaunchScreen.storyboard;
			sourceTree = "<group>";
		};
/* End PBXVariantGroup section */

/* Begin XCBuildConfiguration section */
		4A7A39062040E19E008FBB42 /* Debug */ = {
			isa = XCBuildConfiguration;
			buildSettings = {
				ALWAYS_SEARCH_USER_PATHS = NO;
				CLANG_ANALYZER_NONNULL = YES;
				CLANG_ANALYZER_NUMBER_OBJECT_CONVERSION = YES_AGGRESSIVE;
				CLANG_CXX_LANGUAGE_STANDARD = "gnu++14";
				CLANG_CXX_LIBRARY = "libc++";
				CLANG_ENABLE_MODULES = YES;
				CLANG_ENABLE_OBJC_ARC = YES;
				CLANG_WARN_BLOCK_CAPTURE_AUTORELEASING = YES;
				CLANG_WARN_BOOL_CONVERSION = YES;
				CLANG_WARN_COMMA = YES;
				CLANG_WARN_CONSTANT_CONVERSION = YES;
				CLANG_WARN_DIRECT_OBJC_ISA_USAGE = YES_ERROR;
				CLANG_WARN_DOCUMENTATION_COMMENTS = YES;
				CLANG_WARN_EMPTY_BODY = YES;
				CLANG_WARN_ENUM_CONVERSION = YES;
				CLANG_WARN_INFINITE_RECURSION = YES;
				CLANG_WARN_INT_CONVERSION = YES;
				CLANG_WARN_NON_LITERAL_NULL_CONVERSION = YES;
				CLANG_WARN_OBJC_LITERAL_CONVERSION = YES;
				CLANG_WARN_OBJC_ROOT_CLASS = YES_ERROR;
				CLANG_WARN_RANGE_LOOP_ANALYSIS = YES;
				CLANG_WARN_STRICT_PROTOTYPES = YES;
				CLANG_WARN_SUSPICIOUS_MOVE = YES;
				CLANG_WARN_UNGUARDED_AVAILABILITY = YES_AGGRESSIVE;
				CLANG_WARN_UNREACHABLE_CODE = YES;
				CLANG_WARN__DUPLICATE_METHOD_MATCH = YES;
				CODE_SIGN_IDENTITY = "iPhone Developer";
				COPY_PHASE_STRIP = NO;
				DEBUG_INFORMATION_FORMAT = dwarf;
				ENABLE_STRICT_OBJC_MSGSEND = YES;
				ENABLE_TESTABILITY = YES;
				GCC_C_LANGUAGE_STANDARD = gnu11;
				GCC_DYNAMIC_NO_PIC = NO;
				GCC_NO_COMMON_BLOCKS = YES;
				GCC_OPTIMIZATION_LEVEL = 0;
				GCC_PREPROCESSOR_DEFINITIONS = (
					"DEBUG=1",
					"$(inherited)",
				);
				GCC_WARN_64_TO_32_BIT_CONVERSION = YES;
				GCC_WARN_ABOUT_RETURN_TYPE = YES_ERROR;
				GCC_WARN_UNDECLARED_SELECTOR = YES;
				GCC_WARN_UNINITIALIZED_AUTOS = YES_AGGRESSIVE;
				GCC_WARN_UNUSED_FUNCTION = YES;
				GCC_WARN_UNUSED_VARIABLE = YES;
				IPHONEOS_DEPLOYMENT_TARGET = 11.2;
				MTL_ENABLE_DEBUG_INFO = YES;
				ONLY_ACTIVE_ARCH = YES;
				SDKROOT = iphoneos;
				SWIFT_ACTIVE_COMPILATION_CONDITIONS = DEBUG;
				SWIFT_OPTIMIZATION_LEVEL = "-Onone";
			};
			name = Debug;
		};
		4A7A39072040E19E008FBB42 /* Release */ = {
			isa = XCBuildConfiguration;
			buildSettings = {
				ALWAYS_SEARCH_USER_PATHS = NO;
				CLANG_ANALYZER_NONNULL = YES;
				CLANG_ANALYZER_NUMBER_OBJECT_CONVERSION = YES_AGGRESSIVE;
				CLANG_CXX_LANGUAGE_STANDARD = "gnu++14";
				CLANG_CXX_LIBRARY = "libc++";
				CLANG_ENABLE_MODULES = YES;
				CLANG_ENABLE_OBJC_ARC = YES;
				CLANG_WARN_BLOCK_CAPTURE_AUTORELEASING = YES;
				CLANG_WARN_BOOL_CONVERSION = YES;
				CLANG_WARN_COMMA = YES;
				CLANG_WARN_CONSTANT_CONVERSION = YES;
				CLANG_WARN_DIRECT_OBJC_ISA_USAGE = YES_ERROR;
				CLANG_WARN_DOCUMENTATION_COMMENTS = YES;
				CLANG_WARN_EMPTY_BODY = YES;
				CLANG_WARN_ENUM_CONVERSION = YES;
				CLANG_WARN_INFINITE_RECURSION = YES;
				CLANG_WARN_INT_CONVERSION = YES;
				CLANG_WARN_NON_LITERAL_NULL_CONVERSION = YES;
				CLANG_WARN_OBJC_LITERAL_CONVERSION = YES;
				CLANG_WARN_OBJC_ROOT_CLASS = YES_ERROR;
				CLANG_WARN_RANGE_LOOP_ANALYSIS = YES;
				CLANG_WARN_STRICT_PROTOTYPES = YES;
				CLANG_WARN_SUSPICIOUS_MOVE = YES;
				CLANG_WARN_UNGUARDED_AVAILABILITY = YES_AGGRESSIVE;
				CLANG_WARN_UNREACHABLE_CODE = YES;
				CLANG_WARN__DUPLICATE_METHOD_MATCH = YES;
				CODE_SIGN_IDENTITY = "iPhone Developer";
				COPY_PHASE_STRIP = NO;
				DEBUG_INFORMATION_FORMAT = "dwarf-with-dsym";
				ENABLE_NS_ASSERTIONS = NO;
				ENABLE_STRICT_OBJC_MSGSEND = YES;
				GCC_C_LANGUAGE_STANDARD = gnu11;
				GCC_NO_COMMON_BLOCKS = YES;
				GCC_WARN_64_TO_32_BIT_CONVERSION = YES;
				GCC_WARN_ABOUT_RETURN_TYPE = YES_ERROR;
				GCC_WARN_UNDECLARED_SELECTOR = YES;
				GCC_WARN_UNINITIALIZED_AUTOS = YES_AGGRESSIVE;
				GCC_WARN_UNUSED_FUNCTION = YES;
				GCC_WARN_UNUSED_VARIABLE = YES;
				IPHONEOS_DEPLOYMENT_TARGET = 11.2;
				MTL_ENABLE_DEBUG_INFO = NO;
				SDKROOT = iphoneos;
				SWIFT_OPTIMIZATION_LEVEL = "-Owholemodule";
				VALIDATE_PRODUCT = YES;
			};
			name = Release;
		};
		4A7A39092040E19E008FBB42 /* Debug */ = {
			isa = XCBuildConfiguration;
			baseConfigurationReference = 5C9869178694E1ADCEF669E1 /* Pods-AngelicChat.debug.xcconfig */;
			buildSettings = {
				ASSETCATALOG_COMPILER_APPICON_NAME = AppIcon;
				CODE_SIGN_STYLE = Automatic;
				DEVELOPMENT_TEAM = V52DT33GJ4;
				INFOPLIST_FILE = AngelicChat/Info.plist;
				LD_RUNPATH_SEARCH_PATHS = "$(inherited) @executable_path/Frameworks";
				PRODUCT_BUNDLE_IDENTIFIER = Learning.AngelicChat;
				PRODUCT_NAME = "$(TARGET_NAME)";
				SWIFT_VERSION = 4.0;
				TARGETED_DEVICE_FAMILY = "1,2";
			};
			name = Debug;
		};
		4A7A390A2040E19E008FBB42 /* Release */ = {
			isa = XCBuildConfiguration;
			baseConfigurationReference = 965195AF3FCBADFB2CD3298B /* Pods-AngelicChat.release.xcconfig */;
			buildSettings = {
				ASSETCATALOG_COMPILER_APPICON_NAME = AppIcon;
				CODE_SIGN_STYLE = Automatic;
				DEVELOPMENT_TEAM = V52DT33GJ4;
				INFOPLIST_FILE = AngelicChat/Info.plist;
				LD_RUNPATH_SEARCH_PATHS = "$(inherited) @executable_path/Frameworks";
				PRODUCT_BUNDLE_IDENTIFIER = Learning.AngelicChat;
				PRODUCT_NAME = "$(TARGET_NAME)";
				SWIFT_VERSION = 4.0;
				TARGETED_DEVICE_FAMILY = "1,2";
			};
			name = Release;
		};
		4A7A390C2040E19E008FBB42 /* Debug */ = {
			isa = XCBuildConfiguration;
			baseConfigurationReference = B1A0B7B3A7AA94C6FF2124B6 /* Pods-AngelicChatTests.debug.xcconfig */;
			buildSettings = {
				ALWAYS_EMBED_SWIFT_STANDARD_LIBRARIES = YES;
				BUNDLE_LOADER = "$(TEST_HOST)";
				CODE_SIGN_STYLE = Automatic;
				DEVELOPMENT_TEAM = V52DT33GJ4;
				INFOPLIST_FILE = AngelicChatTests/Info.plist;
				LD_RUNPATH_SEARCH_PATHS = "$(inherited) @executable_path/Frameworks @loader_path/Frameworks";
				PRODUCT_BUNDLE_IDENTIFIER = Learning.AngelicChatTests;
				PRODUCT_NAME = "$(TARGET_NAME)";
				SWIFT_VERSION = 4.0;
				TARGETED_DEVICE_FAMILY = "1,2";
				TEST_HOST = "$(BUILT_PRODUCTS_DIR)/AngelicChat.app/AngelicChat";
			};
			name = Debug;
		};
		4A7A390D2040E19E008FBB42 /* Release */ = {
			isa = XCBuildConfiguration;
			baseConfigurationReference = 172C23CB963059C7C6C94614 /* Pods-AngelicChatTests.release.xcconfig */;
			buildSettings = {
				ALWAYS_EMBED_SWIFT_STANDARD_LIBRARIES = YES;
				BUNDLE_LOADER = "$(TEST_HOST)";
				CODE_SIGN_STYLE = Automatic;
				DEVELOPMENT_TEAM = V52DT33GJ4;
				INFOPLIST_FILE = AngelicChatTests/Info.plist;
				LD_RUNPATH_SEARCH_PATHS = "$(inherited) @executable_path/Frameworks @loader_path/Frameworks";
				PRODUCT_BUNDLE_IDENTIFIER = Learning.AngelicChatTests;
				PRODUCT_NAME = "$(TARGET_NAME)";
				SWIFT_VERSION = 4.0;
				TARGETED_DEVICE_FAMILY = "1,2";
				TEST_HOST = "$(BUILT_PRODUCTS_DIR)/AngelicChat.app/AngelicChat";
			};
			name = Release;
		};
		4A7A390F2040E19E008FBB42 /* Debug */ = {
			isa = XCBuildConfiguration;
			baseConfigurationReference = ED48953C2705F4402DB90AD6 /* Pods-AngelicChatUITests.debug.xcconfig */;
			buildSettings = {
				ALWAYS_EMBED_SWIFT_STANDARD_LIBRARIES = YES;
				CODE_SIGN_STYLE = Automatic;
				DEVELOPMENT_TEAM = V52DT33GJ4;
				INFOPLIST_FILE = AngelicChatUITests/Info.plist;
				LD_RUNPATH_SEARCH_PATHS = "$(inherited) @executable_path/Frameworks @loader_path/Frameworks";
				PRODUCT_BUNDLE_IDENTIFIER = Learning.AngelicChatUITests;
				PRODUCT_NAME = "$(TARGET_NAME)";
				SWIFT_VERSION = 4.0;
				TARGETED_DEVICE_FAMILY = "1,2";
				TEST_TARGET_NAME = AngelicChat;
			};
			name = Debug;
		};
		4A7A39102040E19E008FBB42 /* Release */ = {
			isa = XCBuildConfiguration;
			baseConfigurationReference = 2FFAA46DC9BE60AD250F27DA /* Pods-AngelicChatUITests.release.xcconfig */;
			buildSettings = {
				ALWAYS_EMBED_SWIFT_STANDARD_LIBRARIES = YES;
				CODE_SIGN_STYLE = Automatic;
				DEVELOPMENT_TEAM = V52DT33GJ4;
				INFOPLIST_FILE = AngelicChatUITests/Info.plist;
				LD_RUNPATH_SEARCH_PATHS = "$(inherited) @executable_path/Frameworks @loader_path/Frameworks";
				PRODUCT_BUNDLE_IDENTIFIER = Learning.AngelicChatUITests;
				PRODUCT_NAME = "$(TARGET_NAME)";
				SWIFT_VERSION = 4.0;
				TARGETED_DEVICE_FAMILY = "1,2";
				TEST_TARGET_NAME = AngelicChat;
			};
			name = Release;
		};
/* End XCBuildConfiguration section */

/* Begin XCConfigurationList section */
		4A7A38DB2040E19D008FBB42 /* Build configuration list for PBXProject "AngelicChat" */ = {
			isa = XCConfigurationList;
			buildConfigurations = (
				4A7A39062040E19E008FBB42 /* Debug */,
				4A7A39072040E19E008FBB42 /* Release */,
			);
			defaultConfigurationIsVisible = 0;
			defaultConfigurationName = Release;
		};
		4A7A39082040E19E008FBB42 /* Build configuration list for PBXNativeTarget "AngelicChat" */ = {
			isa = XCConfigurationList;
			buildConfigurations = (
				4A7A39092040E19E008FBB42 /* Debug */,
				4A7A390A2040E19E008FBB42 /* Release */,
			);
			defaultConfigurationIsVisible = 0;
			defaultConfigurationName = Release;
		};
		4A7A390B2040E19E008FBB42 /* Build configuration list for PBXNativeTarget "AngelicChatTests" */ = {
			isa = XCConfigurationList;
			buildConfigurations = (
				4A7A390C2040E19E008FBB42 /* Debug */,
				4A7A390D2040E19E008FBB42 /* Release */,
			);
			defaultConfigurationIsVisible = 0;
			defaultConfigurationName = Release;
		};
		4A7A390E2040E19E008FBB42 /* Build configuration list for PBXNativeTarget "AngelicChatUITests" */ = {
			isa = XCConfigurationList;
			buildConfigurations = (
				4A7A390F2040E19E008FBB42 /* Debug */,
				4A7A39102040E19E008FBB42 /* Release */,
			);
			defaultConfigurationIsVisible = 0;
			defaultConfigurationName = Release;
		};
/* End XCConfigurationList section */
	};
	rootObject = 4A7A38D82040E19D008FBB42 /* Project object */;
}
